
Microsoft Visual Studio Solution File, Format Version 12.00
# Visual Studio Version 17
VisualStudioVersion = 17.0.31903.59
MinimumVisualStudioVersion = 10.0.40219.1
Project("{FAE04EC0-301F-11D3-BF4B-00C04F79EFBC}") = "MultiMap", "MultiMap\MultiMap.csproj", "{04C6F6F7-93A9-470A-90EF-EAD5E1A094FD}"
EndProject
Project("{FAE04EC0-301F-11D3-BF4B-00C04F79EFBC}") = "MultiMap.Tests", "MultiMap.Tests\MultiMap.Tests.csproj", "{D243D54F-2A1B-4EAC-AE45-90F00860844F}"
EndProject
Global
	GlobalSection(SolutionConfigurationPlatforms) = preSolution
		Debug|Any CPU = Debug|Any CPU
		Debug|x64 = Debug|x64
		Debug|x86 = Debug|x86
		Release|Any CPU = Release|Any CPU
		Release|x64 = Release|x64
		Release|x86 = Release|x86
	EndGlobalSection
	GlobalSection(ProjectConfigurationPlatforms) = postSolution
		{04C6F6F7-93A9-470A-90EF-EAD5E1A094FD}.Debug|Any CPU.ActiveCfg = Debug|Any CPU
		{04C6F6F7-93A9-470A-90EF-EAD5E1A094FD}.Debug|Any CPU.Build.0 = Debug|Any CPU
		{04C6F6F7-93A9-470A-90EF-EAD5E1A094FD}.Debug|x64.ActiveCfg = Debug|Any CPU
		{04C6F6F7-93A9-470A-90EF-EAD5E1A094FD}.Debug|x64.Build.0 = Debug|Any CPU
		{04C6F6F7-93A9-470A-90EF-EAD5E1A094FD}.Debug|x86.ActiveCfg = Debug|Any CPU
		{04C6F6F7-93A9-470A-90EF-EAD5E1A094FD}.Debug|x86.Build.0 = Debug|Any CPU
		{04C6F6F7-93A9-470A-90EF-EAD5E1A094FD}.Release|Any CPU.ActiveCfg = Release|Any CPU
		{04C6F6F7-93A9-470A-90EF-EAD5E1A094FD}.Release|Any CPU.Build.0 = Release|Any CPU
		{04C6F6F7-93A9-470A-90EF-EAD5E1A094FD}.Release|x64.ActiveCfg = Release|Any CPU
		{04C6F6F7-93A9-470A-90EF-EAD5E1A094FD}.Release|x64.Build.0 = Release|Any CPU
		{04C6F6F7-93A9-470A-90EF-EAD5E1A094FD}.Release|x86.ActiveCfg = Release|Any CPU
		{04C6F6F7-93A9-470A-90EF-EAD5E1A094FD}.Release|x86.Build.0 = Release|Any CPU
		{D243D54F-2A1B-4EAC-AE45-90F00860844F}.Debug|Any CPU.ActiveCfg = Debug|Any CPU
		{D243D54F-2A1B-4EAC-AE45-90F00860844F}.Debug|Any CPU.Build.0 = Debug|Any CPU
		{D243D54F-2A1B-4EAC-AE45-90F00860844F}.Debug|x64.ActiveCfg = Debug|Any CPU
		{D243D54F-2A1B-4EAC-AE45-90F00860844F}.Debug|x64.Build.0 = Debug|Any CPU
		{D243D54F-2A1B-4EAC-AE45-90F00860844F}.Debug|x86.ActiveCfg = Debug|Any CPU
		{D243D54F-2A1B-4EAC-AE45-90F00860844F}.Debug|x86.Build.0 = Debug|Any CPU
		{D243D54F-2A1B-4EAC-AE45-90F00860844F}.Release|Any CPU.ActiveCfg = Release|Any CPU
		{D243D54F-2A1B-4EAC-AE45-90F00860844F}.Release|Any CPU.Build.0 = Release|Any CPU
		{D243D54F-2A1B-4EAC-AE45-90F00860844F}.Release|x64.ActiveCfg = Release|Any CPU
		{D243D54F-2A1B-4EAC-AE45-90F00860844F}.Release|x64.Build.0 = Release|Any CPU
		{D243D54F-2A1B-4EAC-AE45-90F00860844F}.Release|x86.ActiveCfg = Release|Any CPU
		{D243D54F-2A1B-4EAC-AE45-90F00860844F}.Release|x86.Build.0 = Release|Any CPU
	EndGlobalSection
	GlobalSection(SolutionProperties) = preSolution
		HideSolutionNode = FALSE
	EndGlobalSection
EndGlobal
